Microsoft Visual Studio Solution File, Format Version 12.00
# Visual Studio Version 17
VisualStudioVersion = 17.5.2.0
MinimumVisualStudioVersion = 10.0.40219.1
Project("{FAE04EC0-301F-11D3-BF4B-00C04F79EFBC}") = "MultiplayerLauncher", "MultiplayerLauncher.csproj", "{ECED2F17-B332-564C-4107-DA4E6F1A5C6E}"
EndProject
Global
	GlobalSection(SolutionConfigurationPlatforms) = preSolution
		Debug|Any CPU = Debug|Any CPU
		Release|Any CPU = Release|Any CPU
	EndGlobalSection
	GlobalSection(ProjectConfigurationPlatforms) = postSolution
		{ECED2F17-B332-564C-4107-DA4E6F1A5C6E}.Debug|Any CPU.ActiveCfg = Debug|Any CPU
		{ECED2F17-B332-564C-4107-DA4E6F1A5C6E}.Debug|Any CPU.Build.0 = Debug|Any CPU
		{ECED2F17-B332-564C-4107-DA4E6F1A5C6E}.Release|Any CPU.ActiveCfg = Release|Any CPU
		{ECED2F17-B332-564C-4107-DA4E6F1A5C6E}.Release|Any CPU.Build.0 = Release|Any CPU
	EndGlobalSection
	GlobalSection(SolutionProperties) = preSolution
		HideSolutionNode = FALSE
	EndGlobalSection
	GlobalSection(ExtensibilityGlobals) = postSolution
		SolutionGuid = {4A2CFBF3-6F1E-428F-BA1D-619C921E719E}
	EndGlobalSection
EndGlobal
